
Microsoft Visual Studio Solution File, Format Version 12.00
# Visual Studio Version 17
VisualStudioVersion = 17.13.35828.75 d17.13
MinimumVisualStudioVersion = 10.0.40219.1
Project("{FAE04EC0-301F-11D3-BF4B-00C04F79EFBC}") = "lab6_oliGawronska", "lab6_oliGawronska\lab6_oliGawronska.csproj", "{49761DAC-32CD-4824-8A2D-6BA4B0589529}"
EndProject
Global
	GlobalSection(SolutionConfigurationPlatforms) = preSolution
		Debug|Any CPU = Debug|Any CPU
		Release|Any CPU = Release|Any CPU
	EndGlobalSection
	GlobalSection(ProjectConfigurationPlatforms) = postSolution
		{49761DAC-32CD-4824-8A2D-6BA4B0589529}.Debug|Any CPU.ActiveCfg = Debug|Any CPU
		{49761DAC-32CD-4824-8A2D-6BA4B0589529}.Debug|Any CPU.Build.0 = Debug|Any CPU
		{49761DAC-32CD-4824-8A2D-6BA4B0589529}.Release|Any CPU.ActiveCfg = Release|Any CPU
		{49761DAC-32CD-4824-8A2D-6BA4B0589529}.Release|Any CPU.Build.0 = Release|Any CPU
	EndGlobalSection
	GlobalSection(SolutionProperties) = preSolution
		HideSolutionNode = FALSE
	EndGlobalSection
	GlobalSection(ExtensibilityGlobals) = postSolution
		SolutionGuid = {F97FA33B-2226-4445-8822-1E9EC276A9CB}
	EndGlobalSection
EndGlobal
